
Microsoft Visual Studio Solution File, Format Version 12.00
# Visual Studio 15
VisualStudioVersion = 15.0.27703.2042
MinimumVisualStudioVersion = 10.0.40219.1
Project("{FAE04EC0-301F-11D3-BF4B-00C04F79EFBC}") = "HAMApi", "HAMApi\HAMApi.csproj", "{4B9DF4FA-6E38-428E-8E99-A4D02EC9136B}"
EndProject
Global
	GlobalSection(SolutionConfigurationPlatforms) = preSolution
		Debug|Any CPU = Debug|Any CPU
		Release|Any CPU = Release|Any CPU
	EndGlobalSection
	GlobalSection(ProjectConfigurationPlatforms) = postSolution
		{4B9DF4FA-6E38-428E-8E99-A4D02EC9136B}.Debug|Any CPU.ActiveCfg = Debug|Any CPU
		{4B9DF4FA-6E38-428E-8E99-A4D02EC9136B}.Debug|Any CPU.Build.0 = Debug|Any CPU
		{4B9DF4FA-6E38-428E-8E99-A4D02EC9136B}.Release|Any CPU.ActiveCfg = Release|Any CPU
		{4B9DF4FA-6E38-428E-8E99-A4D02EC9136B}.Release|Any CPU.Build.0 = Release|Any CPU
	EndGlobalSection
	GlobalSection(SolutionProperties) = preSolution
		HideSolutionNode = FALSE
	EndGlobalSection
	GlobalSection(ExtensibilityGlobals) = postSolution
		SolutionGuid = {6DE54541-F354-4239-AE12-13F9CEB3A786}
	EndGlobalSection
EndGlobal
